// !$*UTF8*$!
{
	archiveVersion = 1;
	classes = {
	};
	objectVersion = 56;
	objects = {

/* Begin PBXBuildFile section */
		6C6665B8571CF0F6D5A80145 /* Pods_Instagram.framework in Frameworks */ = {isa = PBXBuildFile; fileRef = 5E18F33B4B5F80FCF0CBFF51 /* Pods_Instagram.framework */; };
		D2486A94293D1C2C003AF557 /* GoogleService-Info.plist in Resources */ = {isa = PBXBuildFile; fileRef = D2486A93293D1C2C003AF557 /* GoogleService-Info.plist */; };
		D2486A98293D245C003AF557 /* DatabaseManager.swift in Sources */ = {isa = PBXBuildFile; fileRef = D2486A97293D245C003AF557 /* DatabaseManager.swift */; };
		D2486A9A293D2A27003AF557 /* AuthManager.swift in Sources */ = {isa = PBXBuildFile; fileRef = D2486A99293D2A27003AF557 /* AuthManager.swift */; };
		D2486A9E293D2DDE003AF557 /* StorageManager.swift in Sources */ = {isa = PBXBuildFile; fileRef = D2486A9D293D2DDE003AF557 /* StorageManager.swift */; };
		D25FD1FC293E2C7C0037F80A /* Extension.swift in Sources */ = {isa = PBXBuildFile; fileRef = D25FD1FB293E2C7C0037F80A /* Extension.swift */; };
		D2778462293D02B80075F56B /* ExploreViewController.swift in Sources */ = {isa = PBXBuildFile; fileRef = D2778461293D02B80075F56B /* ExploreViewController.swift */; };
		D2778464293D03090075F56B /* CameraViewController.swift in Sources */ = {isa = PBXBuildFile; fileRef = D2778463293D03090075F56B /* CameraViewController.swift */; };
		D2778466293D03CA0075F56B /* NotificationsViewController.swift in Sources */ = {isa = PBXBuildFile; fileRef = D2778465293D03CA0075F56B /* NotificationsViewController.swift */; };
		D2778468293D03ED0075F56B /* ProfileViewController.swift in Sources */ = {isa = PBXBuildFile; fileRef = D2778467293D03ED0075F56B /* ProfileViewController.swift */; };
		D277846D293D048F0075F56B /* LoginViewController.swift in Sources */ = {isa = PBXBuildFile; fileRef = D277846C293D048F0075F56B /* LoginViewController.swift */; };
		D277846F293D04C50075F56B /* RegistrationViewController.swift in Sources */ = {isa = PBXBuildFile; fileRef = D277846E293D04C50075F56B /* RegistrationViewController.swift */; };
		D2778472293D05090075F56B /* PostViewController.swift in Sources */ = {isa = PBXBuildFile; fileRef = D2778471293D05090075F56B /* PostViewController.swift */; };
		D2778474293D053F0075F56B /* EditProfileViewController.swift in Sources */ = {isa = PBXBuildFile; fileRef = D2778473293D053F0075F56B /* EditProfileViewController.swift */; };
		D2778476293D05820075F56B /* SettingsViewController.swift in Sources */ = {isa = PBXBuildFile; fileRef = D2778475293D05820075F56B /* SettingsViewController.swift */; };
		D277847A293D07400075F56B /* ListViewController.swift in Sources */ = {isa = PBXBuildFile; fileRef = D2778479293D07400075F56B /* ListViewController.swift */; };
		D277847C293D076C0075F56B /* SearchViewController.swift in Sources */ = {isa = PBXBuildFile; fileRef = D277847B293D076C0075F56B /* SearchViewController.swift */; };
		D277847E293D078D0075F56B /* SearchResultViewController.swift in Sources */ = {isa = PBXBuildFile; fileRef = D277847D293D078D0075F56B /* SearchResultViewController.swift */; };
		D2778480293D07DA0075F56B /* PostEditorViewController.swift in Sources */ = {isa = PBXBuildFile; fileRef = D277847F293D07DA0075F56B /* PostEditorViewController.swift */; };
		D2778482293D08190075F56B /* PublishPostViewController.swift in Sources */ = {isa = PBXBuildFile; fileRef = D2778481293D08190075F56B /* PublishPostViewController.swift */; };
		D2A5F9D6293C1E9C00403A86 /* AppDelegate.swift in Sources */ = {isa = PBXBuildFile; fileRef = D2A5F9D5293C1E9C00403A86 /* AppDelegate.swift */; };
		D2A5F9D8293C1E9C00403A86 /* SceneDelegate.swift in Sources */ = {isa = PBXBuildFile; fileRef = D2A5F9D7293C1E9C00403A86 /* SceneDelegate.swift */; };
		D2A5F9DA293C1E9C00403A86 /* HomeViewController.swift in Sources */ = {isa = PBXBuildFile; fileRef = D2A5F9D9293C1E9C00403A86 /* HomeViewController.swift */; };
		D2A5F9DD293C1E9C00403A86 /* Main.storyboard in Resources */ = {isa = PBXBuildFile; fileRef = D2A5F9DB293C1E9C00403A86 /* Main.storyboard */; };
		D2A5F9DF293C1E9D00403A86 /* Assets.xcassets in Resources */ = {isa = PBXBuildFile; fileRef = D2A5F9DE293C1E9D00403A86 /* Assets.xcassets */; };
		D2A5F9E2293C1E9D00403A86 /* LaunchScreen.storyboard in Resources */ = {isa = PBXBuildFile; fileRef = D2A5F9E0293C1E9D00403A86 /* LaunchScreen.storyboard */; };
/* End PBXBuildFile section */

/* Begin PBXFileReference section */
		332AAE748A24C76354973D2B /* Pods-Instagram.debug.xcconfig */ = {isa = PBXFileReference; includeInIndex = 1; lastKnownFileType = text.xcconfig; name = "Pods-Instagram.debug.xcconfig"; path = "Target Support Files/Pods-Instagram/Pods-Instagram.debug.xcconfig"; sourceTree = "<group>"; };
		5E18F33B4B5F80FCF0CBFF51 /* Pods_Instagram.framework */ = {isa = PBXFileReference; explicitFileType = wrapper.framework; includeInIndex = 0; path = Pods_Instagram.framework; sourceTree = BUILT_PRODUCTS_DIR; };
		D2486A93293D1C2C003AF557 /* GoogleService-Info.plist */ = {isa = PBXFileReference; fileEncoding = 4; lastKnownFileType = text.plist.xml; name = "GoogleService-Info.plist"; path = "../../../../Downloads/GoogleService-Info.plist"; sourceTree = "<group>"; };
		D2486A96293D23AE003AF557 /* GoogleService-Info.plist */ = {isa = PBXFileReference; lastKnownFileType = text.plist.xml; path = "GoogleService-Info.plist"; sourceTree = "<group>"; };
		D2486A97293D245C003AF557 /* DatabaseManager.swift */ = {isa = PBXFileReference; lastKnownFileType = sourcecode.swift; path = DatabaseManager.swift; sourceTree = "<group>"; };
		D2486A99293D2A27003AF557 /* AuthManager.swift */ = {isa = PBXFileReference; lastKnownFileType = sourcecode.swift; path = AuthManager.swift; sourceTree = "<group>"; };
		D2486A9D293D2DDE003AF557 /* StorageManager.swift */ = {isa = PBXFileReference; lastKnownFileType = sourcecode.swift; path = StorageManager.swift; sourceTree = "<group>"; };
		D25FD1FB293E2C7C0037F80A /* Extension.swift */ = {isa = PBXFileReference; lastKnownFileType = sourcecode.swift; path = Extension.swift; sourceTree = "<group>"; };
		D2778461293D02B80075F56B /* ExploreViewController.swift */ = {isa = PBXFileReference; lastKnownFileType = sourcecode.swift; path = ExploreViewController.swift; sourceTree = "<group>"; };
		D2778463293D03090075F56B /* CameraViewController.swift */ = {isa = PBXFileReference; lastKnownFileType = sourcecode.swift; path = CameraViewController.swift; sourceTree = "<group>"; };
		D2778465293D03CA0075F56B /* NotificationsViewController.swift */ = {isa = PBXFileReference; lastKnownFileType = sourcecode.swift; path = NotificationsViewController.swift; sourceTree = "<group>"; };
		D2778467293D03ED0075F56B /* ProfileViewController.swift */ = {isa = PBXFileReference; lastKnownFileType = sourcecode.swift; path = ProfileViewController.swift; sourceTree = "<group>"; };
		D277846C293D048F0075F56B /* LoginViewController.swift */ = {isa = PBXFileReference; lastKnownFileType = sourcecode.swift; path = LoginViewController.swift; sourceTree = "<group>"; };
		D277846E293D04C50075F56B /* RegistrationViewController.swift */ = {isa = PBXFileReference; lastKnownFileType = sourcecode.swift; path = RegistrationViewController.swift; sourceTree = "<group>"; };
		D2778471293D05090075F56B /* PostViewController.swift */ = {isa = PBXFileReference; lastKnownFileType = sourcecode.swift; path = PostViewController.swift; sourceTree = "<group>"; };
		D2778473293D053F0075F56B /* EditProfileViewController.swift */ = {isa = PBXFileReference; lastKnownFileType = sourcecode.swift; path = EditProfileViewController.swift; sourceTree = "<group>"; };
		D2778475293D05820075F56B /* SettingsViewController.swift */ = {isa = PBXFileReference; lastKnownFileType = sourcecode.swift; path = SettingsViewController.swift; sourceTree = "<group>"; };
		D2778479293D07400075F56B /* ListViewController.swift */ = {isa = PBXFileReference; lastKnownFileType = sourcecode.swift; path = ListViewController.swift; sourceTree = "<group>"; };
		D277847B293D076C0075F56B /* SearchViewController.swift */ = {isa = PBXFileReference; lastKnownFileType = sourcecode.swift; path = SearchViewController.swift; sourceTree = "<group>"; };
		D277847D293D078D0075F56B /* SearchResultViewController.swift */ = {isa = PBXFileReference; lastKnownFileType = sourcecode.swift; path = SearchResultViewController.swift; sourceTree = "<group>"; };
		D277847F293D07DA0075F56B /* PostEditorViewController.swift */ = {isa = PBXFileReference; lastKnownFileType = sourcecode.swift; path = PostEditorViewController.swift; sourceTree = "<group>"; };
		D2778481293D08190075F56B /* PublishPostViewController.swift */ = {isa = PBXFileReference; lastKnownFileType = sourcecode.swift; path = PublishPostViewController.swift; sourceTree = "<group>"; };
		D2A5F9D2293C1E9C00403A86 /* Instagram.app */ = {isa = PBXFileReference; explicitFileType = wrapper.application; includeInIndex = 0; path = Instagram.app; sourceTree = BUILT_PRODUCTS_DIR; };
		D2A5F9D5293C1E9C00403A86 /* AppDelegate.swift */ = {isa = PBXFileReference; lastKnownFileType = sourcecode.swift; path = AppDelegate.swift; sourceTree = "<group>"; };
		D2A5F9D7293C1E9C00403A86 /* SceneDelegate.swift */ = {isa = PBXFileReference; lastKnownFileType = sourcecode.swift; path = SceneDelegate.swift; sourceTree = "<group>"; };
		D2A5F9D9293C1E9C00403A86 /* HomeViewController.swift */ = {isa = PBXFileReference; lastKnownFileType = sourcecode.swift; path = HomeViewController.swift; sourceTree = "<group>"; };
		D2A5F9DC293C1E9C00403A86 /* Base */ = {isa = PBXFileReference; lastKnownFileType = file.storyboard; name = Base; path = Base.lproj/Main.storyboard; sourceTree = "<group>"; };
		D2A5F9DE293C1E9D00403A86 /* Assets.xcassets */ = {isa = PBXFileReference; lastKnownFileType = folder.assetcatalog; path = Assets.xcassets; sourceTree = "<group>"; };
		D2A5F9E1293C1E9D00403A86 /* Base */ = {isa = PBXFileReference; lastKnownFileType = file.storyboard; name = Base; path = Base.lproj/LaunchScreen.storyboard; sourceTree = "<group>"; };
		D2A5F9E3293C1E9D00403A86 /* Info.plist */ = {isa = PBXFileReference; lastKnownFileType = text.plist.xml; path = Info.plist; sourceTree = "<group>"; };
		DA53E7B3D3F9758D6521B449 /* Pods-Instagram.release.xcconfig */ = {isa = PBXFileReference; includeInIndex = 1; lastKnownFileType = text.xcconfig; name = "Pods-Instagram.release.xcconfig"; path = "Target Support Files/Pods-Instagram/Pods-Instagram.release.xcconfig"; sourceTree = "<group>"; };
/* End PBXFileReference section */

/* Begin PBXFrameworksBuildPhase section */
		D2A5F9CF293C1E9C00403A86 /* Frameworks */ = {
			isa = PBXFrameworksBuildPhase;
			buildActionMask = 2147483647;
			files = (
				6C6665B8571CF0F6D5A80145 /* Pods_Instagram.framework in Frameworks */,
			);
			runOnlyForDeploymentPostprocessing = 0;
		};
/* End PBXFrameworksBuildPhase section */

/* Begin PBXGroup section */
		4FC8D70795C8EF8C0F1E92E9 /* Pods */ = {
			isa = PBXGroup;
			children = (
				332AAE748A24C76354973D2B /* Pods-Instagram.debug.xcconfig */,
				DA53E7B3D3F9758D6521B449 /* Pods-Instagram.release.xcconfig */,
			);
			path = Pods;
			sourceTree = "<group>";
		};
		83051D02BC35C078318A6152 /* Frameworks */ = {
			isa = PBXGroup;
			children = (
				5E18F33B4B5F80FCF0CBFF51 /* Pods_Instagram.framework */,
			);
			name = Frameworks;
			sourceTree = "<group>";
		};
		D2486A95293D21EA003AF557 /* General */ = {
			isa = PBXGroup;
			children = (
				D2778471293D05090075F56B /* PostViewController.swift */,
				D2778473293D053F0075F56B /* EditProfileViewController.swift */,
				D2778475293D05820075F56B /* SettingsViewController.swift */,
				D2778479293D07400075F56B /* ListViewController.swift */,
				D277847B293D076C0075F56B /* SearchViewController.swift */,
				D277847D293D078D0075F56B /* SearchResultViewController.swift */,
				D277847F293D07DA0075F56B /* PostEditorViewController.swift */,
				D2778481293D08190075F56B /* PublishPostViewController.swift */,
			);
			path = General;
			sourceTree = "<group>";
		};
		D277845C293D01620075F56B /* Controllers */ = {
			isa = PBXGroup;
			children = (
				D277846A293D046C0075F56B /* Other */,
				D2778469293D042B0075F56B /* Core Tabs */,
			);
			path = Controllers;
			sourceTree = "<group>";
		};
		D277845D293D01690075F56B /* Views */ = {
			isa = PBXGroup;
			children = (
				D2778460293D01D10075F56B /* Storyboards */,
				D2A5F9DE293C1E9D00403A86 /* Assets.xcassets */,
			);
			path = Views;
			sourceTree = "<group>";
		};
		D277845E293D016E0075F56B /* Models */ = {
			isa = PBXGroup;
			children = (
			);
			path = Models;
			sourceTree = "<group>";
		};
		D277845F293D017C0075F56B /* Resources */ = {
			isa = PBXGroup;
			children = (
				D2486A96293D23AE003AF557 /* GoogleService-Info.plist */,
				D2A5F9D5293C1E9C00403A86 /* AppDelegate.swift */,
				D2A5F9D7293C1E9C00403A86 /* SceneDelegate.swift */,
				D2486A97293D245C003AF557 /* DatabaseManager.swift */,
				D2486A99293D2A27003AF557 /* AuthManager.swift */,
				D2486A9D293D2DDE003AF557 /* StorageManager.swift */,
				D25FD1FB293E2C7C0037F80A /* Extension.swift */,
			);
			path = Resources;
			sourceTree = "<group>";
		};
		D2778460293D01D10075F56B /* Storyboards */ = {
			isa = PBXGroup;
			children = (
				D2A5F9DB293C1E9C00403A86 /* Main.storyboard */,
				D2A5F9E0293C1E9D00403A86 /* LaunchScreen.storyboard */,
			);
			path = Storyboards;
			sourceTree = "<group>";
		};
		D2778469293D042B0075F56B /* Core Tabs */ = {
			isa = PBXGroup;
			children = (
				D2A5F9D9293C1E9C00403A86 /* HomeViewController.swift */,
				D2778461293D02B80075F56B /* ExploreViewController.swift */,
				D2778463293D03090075F56B /* CameraViewController.swift */,
				D2778465293D03CA0075F56B /* NotificationsViewController.swift */,
				D2778467293D03ED0075F56B /* ProfileViewController.swift */,
			);
			path = "Core Tabs";
			sourceTree = "<group>";
		};
		D277846A293D046C0075F56B /* Other */ = {
			isa = PBXGroup;
			children = (
				D277846B293D04710075F56B /* Onboarding */,
				D2486A95293D21EA003AF557 /* General */,
			);
			path = Other;
			sourceTree = "<group>";
		};
		D277846B293D04710075F56B /* Onboarding */ = {
			isa = PBXGroup;
			children = (
				D277846C293D048F0075F56B /* LoginViewController.swift */,
				D277846E293D04C50075F56B /* RegistrationViewController.swift */,
			);
			path = Onboarding;
			sourceTree = "<group>";
		};
		D2A5F9C9293C1E9C00403A86 = {
			isa = PBXGroup;
			children = (
				D2A5F9D4293C1E9C00403A86 /* Instagram */,
				D2A5F9D3293C1E9C00403A86 /* Products */,
				4FC8D70795C8EF8C0F1E92E9 /* Pods */,
				83051D02BC35C078318A6152 /* Frameworks */,
			);
			sourceTree = "<group>";
		};
		D2A5F9D3293C1E9C00403A86 /* Products */ = {
			isa = PBXGroup;
			children = (
				D2A5F9D2293C1E9C00403A86 /* Instagram.app */,
			);
			name = Products;
			sourceTree = "<group>";
		};
		D2A5F9D4293C1E9C00403A86 /* Instagram */ = {
			isa = PBXGroup;
			children = (
				D277845F293D017C0075F56B /* Resources */,
				D277845E293D016E0075F56B /* Models */,
				D277845D293D01690075F56B /* Views */,
				D277845C293D01620075F56B /* Controllers */,
				D2A5F9E3293C1E9D00403A86 /* Info.plist */,
				D2486A93293D1C2C003AF557 /* GoogleService-Info.plist */,
			);
			path = Instagram;
			sourceTree = "<group>";
		};
/* End PBXGroup section */

/* Begin PBXNativeTarget section */
		D2A5F9D1293C1E9C00403A86 /* Instagram */ = {
			isa = PBXNativeTarget;
			buildConfigurationList = D2A5F9E6293C1E9D00403A86 /* Build configuration list for PBXNativeTarget "Instagram" */;
			buildPhases = (
				64C1AE60F63715818ABCAD24 /* [CP] Check Pods Manifest.lock */,
				D2A5F9CE293C1E9C00403A86 /* Sources */,
				D2A5F9CF293C1E9C00403A86 /* Frameworks */,
				D2A5F9D0293C1E9C00403A86 /* Resources */,
				7F1CFFE2D224490C88472095 /* [CP] Embed Pods Frameworks */,
			);
			buildRules = (
			);
			dependencies = (
			);
			name = Instagram;
			productName = Instagram;
			productReference = D2A5F9D2293C1E9C00403A86 /* Instagram.app */;
			productType = "com.apple.product-type.application";
		};
/* End PBXNativeTarget section */

/* Begin PBXProject section */
		D2A5F9CA293C1E9C00403A86 /* Project object */ = {
			isa = PBXProject;
			attributes = {
				BuildIndependentTargetsInParallel = 1;
				LastSwiftUpdateCheck = 1410;
				LastUpgradeCheck = 1410;
				TargetAttributes = {
					D2A5F9D1293C1E9C00403A86 = {
						CreatedOnToolsVersion = 14.1;
					};
				};
			};
			buildConfigurationList = D2A5F9CD293C1E9C00403A86 /* Build configuration list for PBXProject "Instagram" */;
			compatibilityVersion = "Xcode 14.0";
			developmentRegion = en;
			hasScannedForEncodings = 0;
			knownRegions = (
				en,
				Base,
			);
			mainGroup = D2A5F9C9293C1E9C00403A86;
			productRefGroup = D2A5F9D3293C1E9C00403A86 /* Products */;
			projectDirPath = "";
			projectRoot = "";
			targets = (
				D2A5F9D1293C1E9C00403A86 /* Instagram */,
			);
		};
/* End PBXProject section */

/* Begin PBXResourcesBuildPhase section */
		D2A5F9D0293C1E9C00403A86 /* Resources */ = {
			isa = PBXResourcesBuildPhase;
			buildActionMask = 2147483647;
			files = (
				D2A5F9E2293C1E9D00403A86 /* LaunchScreen.storyboard in Resources */,
				D2486A94293D1C2C003AF557 /* GoogleService-Info.plist in Resources */,
				D2A5F9DF293C1E9D00403A86 /* Assets.xcassets in Resources */,
				D2A5F9DD293C1E9C00403A86 /* Main.storyboard in Resources */,
			);
			runOnlyForDeploymentPostprocessing = 0;
		};
/* End PBXResourcesBuildPhase section */

/* Begin PBXShellScriptBuildPhase section */
		64C1AE60F63715818ABCAD24 /* [CP] Check Pods Manifest.lock */ = {
			isa = PBXShellScriptBuildPhase;
			buildActionMask = 2147483647;
			files = (
			);
			inputFileListPaths = (
			);
			inputPaths = (
				"${PODS_PODFILE_DIR_PATH}/Podfile.lock",
				"${PODS_ROOT}/Manifest.lock",
			);
			name = "[CP] Check Pods Manifest.lock";
			outputFileListPaths = (
			);
			outputPaths = (
				"$(DERIVED_FILE_DIR)/Pods-Instagram-checkManifestLockResult.txt",
			);
			runOnlyForDeploymentPostprocessing = 0;
			shellPath = /bin/sh;
			shellScript = "diff \"${PODS_PODFILE_DIR_PATH}/Podfile.lock\" \"${PODS_ROOT}/Manifest.lock\" > /dev/null\nif [ $? != 0 ] ; then\n    # print error to STDERR\n    echo \"error: The sandbox is not in sync with the Podfile.lock. Run 'pod install' or update your CocoaPods installation.\" >&2\n    exit 1\nfi\n# This output is used by Xcode 'outputs' to avoid re-running this script phase.\necho \"SUCCESS\" > \"${SCRIPT_OUTPUT_FILE_0}\"\n";
			showEnvVarsInLog = 0;
		};
		7F1CFFE2D224490C88472095 /* [CP] Embed Pods Frameworks */ = {
			isa = PBXShellScriptBuildPhase;
			buildActionMask = 2147483647;
			files = (
			);
			inputFileListPaths = (
				"${PODS_ROOT}/Target Support Files/Pods-Instagram/Pods-Instagram-frameworks-${CONFIGURATION}-input-files.xcfilelist",
			);
			name = "[CP] Embed Pods Frameworks";
			outputFileListPaths = (
				"${PODS_ROOT}/Target Support Files/Pods-Instagram/Pods-Instagram-frameworks-${CONFIGURATION}-output-files.xcfilelist",
			);
			runOnlyForDeploymentPostprocessing = 0;
			shellPath = /bin/sh;
			shellScript = "\"${PODS_ROOT}/Target Support Files/Pods-Instagram/Pods-Instagram-frameworks.sh\"\n";
			showEnvVarsInLog = 0;
		};
/* End PBXShellScriptBuildPhase section */

/* Begin PBXSourcesBuildPhase section */
		D2A5F9CE293C1E9C00403A86 /* Sources */ = {
			isa = PBXSourcesBuildPhase;
			buildActionMask = 2147483647;
			files = (
				D2778474293D053F0075F56B /* EditProfileViewController.swift in Sources */,
				D2778462293D02B80075F56B /* ExploreViewController.swift in Sources */,
				D2778482293D08190075F56B /* PublishPostViewController.swift in Sources */,
				D2778464293D03090075F56B /* CameraViewController.swift in Sources */,
				D2A5F9DA293C1E9C00403A86 /* HomeViewController.swift in Sources */,
				D277846F293D04C50075F56B /* RegistrationViewController.swift in Sources */,
				D2778480293D07DA0075F56B /* PostEditorViewController.swift in Sources */,
				D2486A9E293D2DDE003AF557 /* StorageManager.swift in Sources */,
				D2778472293D05090075F56B /* PostViewController.swift in Sources */,
				D25FD1FC293E2C7C0037F80A /* Extension.swift in Sources */,
				D2486A98293D245C003AF557 /* DatabaseManager.swift in Sources */,
				D2778466293D03CA0075F56B /* NotificationsViewController.swift in Sources */,
				D277847E293D078D0075F56B /* SearchResultViewController.swift in Sources */,
				D277846D293D048F0075F56B /* LoginViewController.swift in Sources */,
				D277847C293D076C0075F56B /* SearchViewController.swift in Sources */,
				D2778468293D03ED0075F56B /* ProfileViewController.swift in Sources */,
				D2486A9A293D2A27003AF557 /* AuthManager.swift in Sources */,
				D2A5F9D6293C1E9C00403A86 /* AppDelegate.swift in Sources */,
				D2A5F9D8293C1E9C00403A86 /* SceneDelegate.swift in Sources */,
				D277847A293D07400075F56B /* ListViewController.swift in Sources */,
				D2778476293D05820075F56B /* SettingsViewController.swift in Sources */,
			);
			runOnlyForDeploymentPostprocessing = 0;
		};
/* End PBXSourcesBuildPhase section */

/* Begin PBXVariantGroup section */
		D2A5F9DB293C1E9C00403A86 /* Main.storyboard */ = {
			isa = PBXVariantGroup;
			children = (
				D2A5F9DC293C1E9C00403A86 /* Base */,
			);
			name = Main.storyboard;
			sourceTree = "<group>";
		};
		D2A5F9E0293C1E9D00403A86 /* LaunchScreen.storyboard */ = {
			isa = PBXVariantGroup;
			children = (
				D2A5F9E1293C1E9D00403A86 /* Base */,
			);
			name = LaunchScreen.storyboard;
			sourceTree = "<group>";
		};
/* End PBXVariantGroup section */

/* Begin XCBuildConfiguration section */
		D2A5F9E4293C1E9D00403A86 /* Debug */ = {
			isa = XCBuildConfiguration;
			buildSettings = {
				ALWAYS_SEARCH_USER_PATHS = NO;
				CLANG_ANALYZER_NONNULL = YES;
				CLANG_ANALYZER_NUMBER_OBJECT_CONVERSION = YES_AGGRESSIVE;
				CLANG_CXX_LANGUAGE_STANDARD = "gnu++20";
				CLANG_ENABLE_MODULES = YES;
				CLANG_ENABLE_OBJC_ARC = YES;
				CLANG_ENABLE_OBJC_WEAK = YES;
				CLANG_WARN_BLOCK_CAPTURE_AUTORELEASING = YES;
				CLANG_WARN_BOOL_CONVERSION = YES;
				CLANG_WARN_COMMA = YES;
				CLANG_WARN_CONSTANT_CONVERSION = YES;
				CLANG_WARN_DEPRECATED_OBJC_IMPLEMENTATIONS = YES;
				CLANG_WARN_DIRECT_OBJC_ISA_USAGE = YES_ERROR;
				CLANG_WARN_DOCUMENTATION_COMMENTS = YES;
				CLANG_WARN_EMPTY_BODY = YES;
				CLANG_WARN_ENUM_CONVERSION = YES;
				CLANG_WARN_INFINITE_RECURSION = YES;
				CLANG_WARN_INT_CONVERSION = YES;
				CLANG_WARN_NON_LITERAL_NULL_CONVERSION = YES;
				CLANG_WARN_OBJC_IMPLICIT_RETAIN_SELF = YES;
				CLANG_WARN_OBJC_LITERAL_CONVERSION = YES;
				CLANG_WARN_OBJC_ROOT_CLASS = YES_ERROR;
				CLANG_WARN_QUOTED_INCLUDE_IN_FRAMEWORK_HEADER = YES;
				CLANG_WARN_RANGE_LOOP_ANALYSIS = YES;
				CLANG_WARN_STRICT_PROTOTYPES = YES;
				CLANG_WARN_SUSPICIOUS_MOVE = YES;
				CLANG_WARN_UNGUARDED_AVAILABILITY = YES_AGGRESSIVE;
				CLANG_WARN_UNREACHABLE_CODE = YES;
				CLANG_WARN__DUPLICATE_METHOD_MATCH = YES;
				COPY_PHASE_STRIP = NO;
				DEBUG_INFORMATION_FORMAT = dwarf;
				ENABLE_STRICT_OBJC_MSGSEND = YES;
				ENABLE_TESTABILITY = YES;
				GCC_C_LANGUAGE_STANDARD = gnu11;
				GCC_DYNAMIC_NO_PIC = NO;
				GCC_NO_COMMON_BLOCKS = YES;
				GCC_OPTIMIZATION_LEVEL = 0;
				GCC_PREPROCESSOR_DEFINITIONS = (
					"DEBUG=1",
					"$(inherited)",
				);
				GCC_WARN_64_TO_32_BIT_CONVERSION = YES;
				GCC_WARN_ABOUT_RETURN_TYPE = YES_ERROR;
				GCC_WARN_UNDECLARED_SELECTOR = YES;
				GCC_WARN_UNINITIALIZED_AUTOS = YES_AGGRESSIVE;
				GCC_WARN_UNUSED_FUNCTION = YES;
				GCC_WARN_UNUSED_VARIABLE = YES;
				IPHONEOS_DEPLOYMENT_TARGET = 16.1;
				MTL_ENABLE_DEBUG_INFO = INCLUDE_SOURCE;
				MTL_FAST_MATH = YES;
				ONLY_ACTIVE_ARCH = YES;
				SDKROOT = iphoneos;
				SWIFT_ACTIVE_COMPILATION_CONDITIONS = DEBUG;
				SWIFT_OPTIMIZATION_LEVEL = "-Onone";
			};
			name = Debug;
		};
		D2A5F9E5293C1E9D00403A86 /* Release */ = {
			isa = XCBuildConfiguration;
			buildSettings = {
				ALWAYS_SEARCH_USER_PATHS = NO;
				CLANG_ANALYZER_NONNULL = YES;
				CLANG_ANALYZER_NUMBER_OBJECT_CONVERSION = YES_AGGRESSIVE;
				CLANG_CXX_LANGUAGE_STANDARD = "gnu++20";
				CLANG_ENABLE_MODULES = YES;
				CLANG_ENABLE_OBJC_ARC = YES;
				CLANG_ENABLE_OBJC_WEAK = YES;
				CLANG_WARN_BLOCK_CAPTURE_AUTORELEASING = YES;
				CLANG_WARN_BOOL_CONVERSION = YES;
				CLANG_WARN_COMMA = YES;
				CLANG_WARN_CONSTANT_CONVERSION = YES;
				CLANG_WARN_DEPRECATED_OBJC_IMPLEMENTATIONS = YES;
				CLANG_WARN_DIRECT_OBJC_ISA_USAGE = YES_ERROR;
				CLANG_WARN_DOCUMENTATION_COMMENTS = YES;
				CLANG_WARN_EMPTY_BODY = YES;
				CLANG_WARN_ENUM_CONVERSION = YES;
				CLANG_WARN_INFINITE_RECURSION = YES;
				CLANG_WARN_INT_CONVERSION = YES;
				CLANG_WARN_NON_LITERAL_NULL_CONVERSION = YES;
				CLANG_WARN_OBJC_IMPLICIT_RETAIN_SELF = YES;
				CLANG_WARN_OBJC_LITERAL_CONVERSION = YES;
				CLANG_WARN_OBJC_ROOT_CLASS = YES_ERROR;
				CLANG_WARN_QUOTED_INCLUDE_IN_FRAMEWORK_HEADER = YES;
				CLANG_WARN_RANGE_LOOP_ANALYSIS = YES;
				CLANG_WARN_STRICT_PROTOTYPES = YES;
				CLANG_WARN_SUSPICIOUS_MOVE = YES;
				CLANG_WARN_UNGUARDED_AVAILABILITY = YES_AGGRESSIVE;
				CLANG_WARN_UNREACHABLE_CODE = YES;
				CLANG_WARN__DUPLICATE_METHOD_MATCH = YES;
				COPY_PHASE_STRIP = NO;
				DEBUG_INFORMATION_FORMAT = "dwarf-with-dsym";
				ENABLE_NS_ASSERTIONS = NO;
				ENABLE_STRICT_OBJC_MSGSEND = YES;
				GCC_C_LANGUAGE_STANDARD = gnu11;
				GCC_NO_COMMON_BLOCKS = YES;
				GCC_WARN_64_TO_32_BIT_CONVERSION = YES;
				GCC_WARN_ABOUT_RETURN_TYPE = YES_ERROR;
				GCC_WARN_UNDECLARED_SELECTOR = YES;
				GCC_WARN_UNINITIALIZED_AUTOS = YES_AGGRESSIVE;
				GCC_WARN_UNUSED_FUNCTION = YES;
				GCC_WARN_UNUSED_VARIABLE = YES;
				IPHONEOS_DEPLOYMENT_TARGET = 16.1;
				MTL_ENABLE_DEBUG_INFO = NO;
				MTL_FAST_MATH = YES;
				SDKROOT = iphoneos;
				SWIFT_COMPILATION_MODE = wholemodule;
				SWIFT_OPTIMIZATION_LEVEL = "-O";
				VALIDATE_PRODUCT = YES;
			};
			name = Release;
		};
		D2A5F9E7293C1E9D00403A86 /* Debug */ = {
			isa = XCBuildConfiguration;
			baseConfigurationReference = 332AAE748A24C76354973D2B /* Pods-Instagram.debug.xcconfig */;
			buildSettings = {
				ASSETCATALOG_COMPILER_APPICON_NAME = AppIcon;
				ASSETCATALOG_COMPILER_GLOBAL_ACCENT_COLOR_NAME = AccentColor;
				CODE_SIGN_STYLE = Automatic;
				CURRENT_PROJECT_VERSION = 1;
				GENERATE_INFOPLIST_FILE = YES;
				INFOPLIST_FILE = Instagram/Info.plist;
				INFOPLIST_KEY_UIApplicationSupportsIndirectInputEvents = YES;
				INFOPLIST_KEY_UILaunchStoryboardName = LaunchScreen;
				INFOPLIST_KEY_UIMainStoryboardFile = Main;
				INFOPLIST_KEY_UISupportedInterfaceOrientations = "UIInterfaceOrientationLandscapeRight UIInterfaceOrientationPortrait";
				INFOPLIST_KEY_UISupportedInterfaceOrientations_iPad = "UIInterfaceOrientationLandscapeLeft UIInterfaceOrientationLandscapeRight UIInterfaceOrientationPortrait UIInterfaceOrientationPortraitUpsideDown";
				IPHONEOS_DEPLOYMENT_TARGET = 13.0;
				LD_RUNPATH_SEARCH_PATHS = (
					"$(inherited)",
					"@executable_path/Frameworks",
				);
				MARKETING_VERSION = 1.0;
				PRODUCT_BUNDLE_IDENTIFIER = com.kamilcal.Instagram;
				PRODUCT_NAME = "$(TARGET_NAME)";
				SWIFT_EMIT_LOC_STRINGS = YES;
				SWIFT_VERSION = 5.0;
				TARGETED_DEVICE_FAMILY = "1,2";
			};
			name = Debug;
		};
		D2A5F9E8293C1E9D00403A86 /* Release */ = {
			isa = XCBuildConfiguration;
			baseConfigurationReference = DA53E7B3D3F9758D6521B449 /* Pods-Instagram.release.xcconfig */;
			buildSettings = {
				ASSETCATALOG_COMPILER_APPICON_NAME = AppIcon;
				ASSETCATALOG_COMPILER_GLOBAL_ACCENT_COLOR_NAME = AccentColor;
				CODE_SIGN_STYLE = Automatic;
				CURRENT_PROJECT_VERSION = 1;
				GENERATE_INFOPLIST_FILE = YES;
				INFOPLIST_FILE = Instagram/Info.plist;
				INFOPLIST_KEY_UIApplicationSupportsIndirectInputEvents = YES;
				INFOPLIST_KEY_UILaunchStoryboardName = LaunchScreen;
				INFOPLIST_KEY_UIMainStoryboardFile = Main;
				INFOPLIST_KEY_UISupportedInterfaceOrientations = "UIInterfaceOrientationLandscapeRight UIInterfaceOrientationPortrait";
				INFOPLIST_KEY_UISupportedInterfaceOrientations_iPad = "UIInterfaceOrientationLandscapeLeft UIInterfaceOrientationLandscapeRight UIInterfaceOrientationPortrait UIInterfaceOrientationPortraitUpsideDown";
				IPHONEOS_DEPLOYMENT_TARGET = 13.0;
				LD_RUNPATH_SEARCH_PATHS = (
					"$(inherited)",
					"@executable_path/Frameworks",
				);
				MARKETING_VERSION = 1.0;
				PRODUCT_BUNDLE_IDENTIFIER = com.kamilcal.Instagram;
				PRODUCT_NAME = "$(TARGET_NAME)";
				SWIFT_EMIT_LOC_STRINGS = YES;
				SWIFT_VERSION = 5.0;
				TARGETED_DEVICE_FAMILY = "1,2";
			};
			name = Release;
		};
/* End XCBuildConfiguration section */

/* Begin XCConfigurationList section */
		D2A5F9CD293C1E9C00403A86 /* Build configuration list for PBXProject "Instagram" */ = {
			isa = XCConfigurationList;
			buildConfigurations = (
				D2A5F9E4293C1E9D00403A86 /* Debug */,
				D2A5F9E5293C1E9D00403A86 /* Release */,
			);
			defaultConfigurationIsVisible = 0;
			defaultConfigurationName = Release;
		};
		D2A5F9E6293C1E9D00403A86 /* Build configuration list for PBXNativeTarget "Instagram" */ = {
			isa = XCConfigurationList;
			buildConfigurations = (
				D2A5F9E7293C1E9D00403A86 /* Debug */,
				D2A5F9E8293C1E9D00403A86 /* Release */,
			);
			defaultConfigurationIsVisible = 0;
			defaultConfigurationName = Release;
		};
/* End XCConfigurationList section */
	};
	rootObject = D2A5F9CA293C1E9C00403A86 /* Project object */;
}
